
Microsoft Visual Studio Solution File, Format Version 12.00
# Visual Studio Version 17
VisualStudioVersion = 17.4.33122.133
MinimumVisualStudioVersion = 10.0.40219.1
Project("{FAE04EC0-301F-11D3-BF4B-00C04F79EFBC}") = "BasicProgramming", "BasicProgramming\BasicProgramming.csproj", "{6546B2F5-0890-4F99-AABC-CB9CDB670CC6}"
EndProject
Global
	GlobalSection(SolutionConfigurationPlatforms) = preSolution
		Debug|Any CPU = Debug|Any CPU
		Release|Any CPU = Release|Any CPU
	EndGlobalSection
	GlobalSection(ProjectConfigurationPlatforms) = postSolution
		{6546B2F5-0890-4F99-AABC-CB9CDB670CC6}.Debug|Any CPU.ActiveCfg = Debug|Any CPU
		{6546B2F5-0890-4F99-AABC-CB9CDB670CC6}.Debug|Any CPU.Build.0 = Debug|Any CPU
		{6546B2F5-0890-4F99-AABC-CB9CDB670CC6}.Release|Any CPU.ActiveCfg = Release|Any CPU
		{6546B2F5-0890-4F99-AABC-CB9CDB670CC6}.Release|Any CPU.Build.0 = Release|Any CPU
	EndGlobalSection
	GlobalSection(SolutionProperties) = preSolution
		HideSolutionNode = FALSE
	EndGlobalSection
	GlobalSection(ExtensibilityGlobals) = postSolution
		SolutionGuid = {E33607F7-D247-4303-ADAD-720980BE609A}
	EndGlobalSection
EndGlobal
